
Microsoft Visual Studio Solution File, Format Version 12.00
# Visual Studio 15
VisualStudioVersion = 15.0.27703.2026
MinimumVisualStudioVersion = 10.0.40219.1
Project("{FAE04EC0-301F-11D3-BF4B-00C04F79EFBC}") = "POBwebbank.Web", "POBwebbank\POBwebbank.Web.csproj", "{9BB8D7EF-C510-4FF0-9D8C-D26FDEF17E8D}"
EndProject
Project("{FAE04EC0-301F-11D3-BF4B-00C04F79EFBC}") = "POBwebbank.Core", "POBwebbank.Core\POBwebbank.Core.csproj", "{AF5A01DD-7BDC-4A94-AB14-56D600E69424}"
EndProject
Project("{FAE04EC0-301F-11D3-BF4B-00C04F79EFBC}") = "POBwebbank.EntityFramework", "POBwebbank.EntityFramework\POBwebbank.EntityFramework.csproj", "{2AD88965-2A4B-4947-8F30-C7B1BFBB409A}"
EndProject
Project("{FAE04EC0-301F-11D3-BF4B-00C04F79EFBC}") = "POBwebbank.Application", "POBwebbank.Application\POBwebbank.Application.csproj", "{47CDED1E-5B3C-45D3-A943-AD96080B071D}"
EndProject
Global
	GlobalSection(SolutionConfigurationPlatforms) = preSolution
		Debug|Any CPU = Debug|Any CPU
		Release|Any CPU = Release|Any CPU
	EndGlobalSection
	GlobalSection(ProjectConfigurationPlatforms) = postSolution
		{9BB8D7EF-C510-4FF0-9D8C-D26FDEF17E8D}.Debug|Any CPU.ActiveCfg = Debug|Any CPU
		{9BB8D7EF-C510-4FF0-9D8C-D26FDEF17E8D}.Debug|Any CPU.Build.0 = Debug|Any CPU
		{9BB8D7EF-C510-4FF0-9D8C-D26FDEF17E8D}.Release|Any CPU.ActiveCfg = Release|Any CPU
		{9BB8D7EF-C510-4FF0-9D8C-D26FDEF17E8D}.Release|Any CPU.Build.0 = Release|Any CPU
		{AF5A01DD-7BDC-4A94-AB14-56D600E69424}.Debug|Any CPU.ActiveCfg = Debug|Any CPU
		{AF5A01DD-7BDC-4A94-AB14-56D600E69424}.Debug|Any CPU.Build.0 = Debug|Any CPU
		{AF5A01DD-7BDC-4A94-AB14-56D600E69424}.Release|Any CPU.ActiveCfg = Release|Any CPU
		{AF5A01DD-7BDC-4A94-AB14-56D600E69424}.Release|Any CPU.Build.0 = Release|Any CPU
		{2AD88965-2A4B-4947-8F30-C7B1BFBB409A}.Debug|Any CPU.ActiveCfg = Debug|Any CPU
		{2AD88965-2A4B-4947-8F30-C7B1BFBB409A}.Debug|Any CPU.Build.0 = Debug|Any CPU
		{2AD88965-2A4B-4947-8F30-C7B1BFBB409A}.Release|Any CPU.ActiveCfg = Release|Any CPU
		{2AD88965-2A4B-4947-8F30-C7B1BFBB409A}.Release|Any CPU.Build.0 = Release|Any CPU
		{47CDED1E-5B3C-45D3-A943-AD96080B071D}.Debug|Any CPU.ActiveCfg = Debug|Any CPU
		{47CDED1E-5B3C-45D3-A943-AD96080B071D}.Debug|Any CPU.Build.0 = Debug|Any CPU
		{47CDED1E-5B3C-45D3-A943-AD96080B071D}.Release|Any CPU.ActiveCfg = Release|Any CPU
		{47CDED1E-5B3C-45D3-A943-AD96080B071D}.Release|Any CPU.Build.0 = Release|Any CPU
	EndGlobalSection
	GlobalSection(SolutionProperties) = preSolution
		HideSolutionNode = FALSE
	EndGlobalSection
	GlobalSection(ExtensibilityGlobals) = postSolution
		SolutionGuid = {28F30CB8-9E06-491C-ACA5-0CE421CAE14F}
	EndGlobalSection
EndGlobal
